
Microsoft Visual Studio Solution File, Format Version 12.00
# Visual Studio Version 17
VisualStudioVersion = 17.10.35013.160
MinimumVisualStudioVersion = 10.0.40219.1
Project("{8BC9CEB8-8B4A-11D0-8D11-00A0C91BC942}") = "Project Hangman in C++", "Project Hangman in C++\Project Hangman in C++.vcxproj", "{C4F943D1-5715-419A-9469-52B868B79877}"
EndProject
Global
	GlobalSection(SolutionConfigurationPlatforms) = preSolution
		Debug|x64 = Debug|x64
		Debug|x86 = Debug|x86
		Release|x64 = Release|x64
		Release|x86 = Release|x86
	EndGlobalSection
	GlobalSection(ProjectConfigurationPlatforms) = postSolution
		{C4F943D1-5715-419A-9469-52B868B79877}.Debug|x64.ActiveCfg = Debug|x64
		{C4F943D1-5715-419A-9469-52B868B79877}.Debug|x64.Build.0 = Debug|x64
		{C4F943D1-5715-419A-9469-52B868B79877}.Debug|x86.ActiveCfg = Debug|Win32
		{C4F943D1-5715-419A-9469-52B868B79877}.Debug|x86.Build.0 = Debug|Win32
		{C4F943D1-5715-419A-9469-52B868B79877}.Release|x64.ActiveCfg = Release|x64
		{C4F943D1-5715-419A-9469-52B868B79877}.Release|x64.Build.0 = Release|x64
		{C4F943D1-5715-419A-9469-52B868B79877}.Release|x86.ActiveCfg = Release|Win32
		{C4F943D1-5715-419A-9469-52B868B79877}.Release|x86.Build.0 = Release|Win32
	EndGlobalSection
	GlobalSection(SolutionProperties) = preSolution
		HideSolutionNode = FALSE
	EndGlobalSection
	GlobalSection(ExtensibilityGlobals) = postSolution
		SolutionGuid = {6C88B75C-4202-488C-8EB6-36DA5505AFD5}
	EndGlobalSection
EndGlobal
